// !$*UTF8*$!
{
	archiveVersion = 1;
	classes = {
	};
	objectVersion = 48;
	objects = {

/* Begin PBXBuildFile section */
		7A227F441F8EE55200868CBC /* ulongnum.cpp in Sources */ = {isa = PBXBuildFile; fileRef = 7A227F411F8EE55200868CBC /* ulongnum.cpp */; };
		7A227F451F8EE55200868CBC /* ulongnumtest.cpp in Sources */ = {isa = PBXBuildFile; fileRef = 7A227F431F8EE55200868CBC /* ulongnumtest.cpp */; };
		7ACD42031F906A2F0051FF93 /* str.cpp in Sources */ = {isa = PBXBuildFile; fileRef = 7ACD41FD1F906A2F0051FF93 /* str.cpp */; };
		7ACD42041F906A2F0051FF93 /* util.cpp in Sources */ = {isa = PBXBuildFile; fileRef = 7ACD42011F906A2F0051FF93 /* util.cpp */; };
/* End PBXBuildFile section */

/* Begin PBXCopyFilesBuildPhase section */
		7A227F351F8EE52E00868CBC /* CopyFiles */ = {
			isa = PBXCopyFilesBuildPhase;
			buildActionMask = 2147483647;
			dstPath = /usr/share/man/man1/;
			dstSubfolderSpec = 0;
			files = (
			);
			runOnlyForDeploymentPostprocessing = 1;
		};
/* End PBXCopyFilesBuildPhase section */

/* Begin PBXFileReference section */
		7A227F371F8EE52E00868CBC /* ulongnum */ = {isa = PBXFileReference; explicitFileType = "compiled.mach-o.executable"; includeInIndex = 0; path = ulongnum; sourceTree = BUILT_PRODUCTS_DIR; };
		7A227F411F8EE55200868CBC /* ulongnum.cpp */ = {isa = PBXFileReference; fileEncoding = 4; lastKnownFileType = sourcecode.cpp.cpp; path = ulongnum.cpp; sourceTree = "<group>"; };
		7A227F421F8EE55200868CBC /* ulongnum.h */ = {isa = PBXFileReference; fileEncoding = 4; lastKnownFileType = sourcecode.c.h; path = ulongnum.h; sourceTree = "<group>"; };
		7A227F431F8EE55200868CBC /* ulongnumtest.cpp */ = {isa = PBXFileReference; fileEncoding = 4; lastKnownFileType = sourcecode.cpp.cpp; path = ulongnumtest.cpp; sourceTree = "<group>"; };
		7ACD41FD1F906A2F0051FF93 /* str.cpp */ = {isa = PBXFileReference; fileEncoding = 4; lastKnownFileType = sourcecode.cpp.cpp; path = str.cpp; sourceTree = "<group>"; };
		7ACD41FE1F906A2F0051FF93 /* darray.hpp */ = {isa = PBXFileReference; fileEncoding = 4; lastKnownFileType = sourcecode.cpp.h; path = darray.hpp; sourceTree = "<group>"; };
		7ACD41FF1F906A2F0051FF93 /* darray.h */ = {isa = PBXFileReference; fileEncoding = 4; lastKnownFileType = sourcecode.c.h; path = darray.h; sourceTree = "<group>"; };
		7ACD42001F906A2F0051FF93 /* str.h */ = {isa = PBXFileReference; fileEncoding = 4; lastKnownFileType = sourcecode.c.h; path = str.h; sourceTree = "<group>"; };
		7ACD42011F906A2F0051FF93 /* util.cpp */ = {isa = PBXFileReference; fileEncoding = 4; lastKnownFileType = sourcecode.cpp.cpp; path = util.cpp; sourceTree = "<group>"; };
		7ACD42021F906A2F0051FF93 /* util.h */ = {isa = PBXFileReference; fileEncoding = 4; lastKnownFileType = sourcecode.c.h; path = util.h; sourceTree = "<group>"; };
/* End PBXFileReference section */

/* Begin PBXFrameworksBuildPhase section */
		7A227F341F8EE52E00868CBC /* Frameworks */ = {
			isa = PBXFrameworksBuildPhase;
			buildActionMask = 2147483647;
			files = (
			);
			runOnlyForDeploymentPostprocessing = 0;
		};
/* End PBXFrameworksBuildPhase section */

/* Begin PBXGroup section */
		7A227F2E1F8EE52E00868CBC = {
			isa = PBXGroup;
			children = (
				7A227F391F8EE52E00868CBC /* ulongnum */,
				7A227F381F8EE52E00868CBC /* Products */,
			);
			sourceTree = "<group>";
		};
		7A227F381F8EE52E00868CBC /* Products */ = {
			isa = PBXGroup;
			children = (
				7A227F371F8EE52E00868CBC /* ulongnum */,
			);
			name = Products;
			sourceTree = "<group>";
		};
		7A227F391F8EE52E00868CBC /* ulongnum */ = {
			isa = PBXGroup;
			children = (
				7ACD41FF1F906A2F0051FF93 /* darray.h */,
				7ACD41FE1F906A2F0051FF93 /* darray.hpp */,
				7ACD41FD1F906A2F0051FF93 /* str.cpp */,
				7ACD42001F906A2F0051FF93 /* str.h */,
				7ACD42011F906A2F0051FF93 /* util.cpp */,
				7ACD42021F906A2F0051FF93 /* util.h */,
				7A227F411F8EE55200868CBC /* ulongnum.cpp */,
				7A227F421F8EE55200868CBC /* ulongnum.h */,
				7A227F431F8EE55200868CBC /* ulongnumtest.cpp */,
			);
			path = ulongnum;
			sourceTree = "<group>";
		};
/* End PBXGroup section */

/* Begin PBXNativeTarget section */
		7A227F361F8EE52E00868CBC /* ulongnum */ = {
			isa = PBXNativeTarget;
			buildConfigurationList = 7A227F3E1F8EE52E00868CBC /* Build configuration list for PBXNativeTarget "ulongnum" */;
			buildPhases = (
				7A227F331F8EE52E00868CBC /* Sources */,
				7A227F341F8EE52E00868CBC /* Frameworks */,
				7A227F351F8EE52E00868CBC /* CopyFiles */,
			);
			buildRules = (
			);
			dependencies = (
			);
			name = ulongnum;
			productName = ulongnum;
			productReference = 7A227F371F8EE52E00868CBC /* ulongnum */;
			productType = "com.apple.product-type.tool";
		};
/* End PBXNativeTarget section */

/* Begin PBXProject section */
		7A227F2F1F8EE52E00868CBC /* Project object */ = {
			isa = PBXProject;
			attributes = {
				LastUpgradeCheck = 0900;
				ORGANIZATIONNAME = "Johnny Dai";
				TargetAttributes = {
					7A227F361F8EE52E00868CBC = {
						CreatedOnToolsVersion = 9.0;
						ProvisioningStyle = Automatic;
					};
				};
			};
			buildConfigurationList = 7A227F321F8EE52E00868CBC /* Build configuration list for PBXProject "ulongnum" */;
			compatibilityVersion = "Xcode 8.0";
			developmentRegion = en;
			hasScannedForEncodings = 0;
			knownRegions = (
				en,
			);
			mainGroup = 7A227F2E1F8EE52E00868CBC;
			productRefGroup = 7A227F381F8EE52E00868CBC /* Products */;
			projectDirPath = "";
			projectRoot = "";
			targets = (
				7A227F361F8EE52E00868CBC /* ulongnum */,
			);
		};
/* End PBXProject section */

/* Begin PBXSourcesBuildPhase section */
		7A227F331F8EE52E00868CBC /* Sources */ = {
			isa = PBXSourcesBuildPhase;
			buildActionMask = 2147483647;
			files = (
				7ACD42031F906A2F0051FF93 /* str.cpp in Sources */,
				7A227F451F8EE55200868CBC /* ulongnumtest.cpp in Sources */,
				7A227F441F8EE55200868CBC /* ulongnum.cpp in Sources */,
				7ACD42041F906A2F0051FF93 /* util.cpp in Sources */,
			);
			runOnlyForDeploymentPostprocessing = 0;
		};
/* End PBXSourcesBuildPhase section */

/* Begin XCBuildConfiguration section */
		7A227F3C1F8EE52E00868CBC /* Debug */ = {
			isa = XCBuildConfiguration;
			buildSettings = {
				ALWAYS_SEARCH_USER_PATHS = NO;
				CLANG_ANALYZER_NONNULL = YES;
				CLANG_ANALYZER_NUMBER_OBJECT_CONVERSION = YES_AGGRESSIVE;
				CLANG_CXX_LANGUAGE_STANDARD = "gnu++14";
				CLANG_CXX_LIBRARY = "libc++";
				CLANG_ENABLE_MODULES = YES;
				CLANG_ENABLE_OBJC_ARC = YES;
				CLANG_WARN_BLOCK_CAPTURE_AUTORELEASING = YES;
				CLANG_WARN_BOOL_CONVERSION = YES;
				CLANG_WARN_COMMA = YES;
				CLANG_WARN_CONSTANT_CONVERSION = YES;
				CLANG_WARN_DIRECT_OBJC_ISA_USAGE = YES_ERROR;
				CLANG_WARN_DOCUMENTATION_COMMENTS = YES;
				CLANG_WARN_EMPTY_BODY = YES;
				CLANG_WARN_ENUM_CONVERSION = YES;
				CLANG_WARN_INFINITE_RECURSION = YES;
				CLANG_WARN_INT_CONVERSION = YES;
				CLANG_WARN_NON_LITERAL_NULL_CONVERSION = YES;
				CLANG_WARN_OBJC_LITERAL_CONVERSION = YES;
				CLANG_WARN_OBJC_ROOT_CLASS = YES_ERROR;
				CLANG_WARN_RANGE_LOOP_ANALYSIS = YES;
				CLANG_WARN_STRICT_PROTOTYPES = YES;
				CLANG_WARN_SUSPICIOUS_MOVE = YES;
				CLANG_WARN_UNGUARDED_AVAILABILITY = YES_AGGRESSIVE;
				CLANG_WARN_UNREACHABLE_CODE = YES;
				CLANG_WARN__DUPLICATE_METHOD_MATCH = YES;
				CODE_SIGN_IDENTITY = "-";
				COPY_PHASE_STRIP = NO;
				DEBUG_INFORMATION_FORMAT = dwarf;
				ENABLE_STRICT_OBJC_MSGSEND = YES;
				ENABLE_TESTABILITY = YES;
				GCC_C_LANGUAGE_STANDARD = gnu11;
				GCC_DYNAMIC_NO_PIC = NO;
				GCC_NO_COMMON_BLOCKS = YES;
				GCC_OPTIMIZATION_LEVEL = 0;
				GCC_PREPROCESSOR_DEFINITIONS = (
					"DEBUG=1",
					"$(inherited)",
				);
				GCC_WARN_64_TO_32_BIT_CONVERSION = YES;
				GCC_WARN_ABOUT_RETURN_TYPE = YES_ERROR;
				GCC_WARN_UNDECLARED_SELECTOR = YES;
				GCC_WARN_UNINITIALIZED_AUTOS = YES_AGGRESSIVE;
				GCC_WARN_UNUSED_FUNCTION = YES;
				GCC_WARN_UNUSED_VARIABLE = YES;
				MACOSX_DEPLOYMENT_TARGET = 10.12;
				MTL_ENABLE_DEBUG_INFO = YES;
				ONLY_ACTIVE_ARCH = YES;
				SDKROOT = macosx;
			};
			name = Debug;
		};
		7A227F3D1F8EE52E00868CBC /* Release */ = {
			isa = XCBuildConfiguration;
			buildSettings = {
				ALWAYS_SEARCH_USER_PATHS = NO;
				CLANG_ANALYZER_NONNULL = YES;
				CLANG_ANALYZER_NUMBER_OBJECT_CONVERSION = YES_AGGRESSIVE;
				CLANG_CXX_LANGUAGE_STANDARD = "gnu++14";
				CLANG_CXX_LIBRARY = "libc++";
				CLANG_ENABLE_MODULES = YES;
				CLANG_ENABLE_OBJC_ARC = YES;
				CLANG_WARN_BLOCK_CAPTURE_AUTORELEASING = YES;
				CLANG_WARN_BOOL_CONVERSION = YES;
				CLANG_WARN_COMMA = YES;
				CLANG_WARN_CONSTANT_CONVERSION = YES;
				CLANG_WARN_DIRECT_OBJC_ISA_USAGE = YES_ERROR;
				CLANG_WARN_DOCUMENTATION_COMMENTS = YES;
				CLANG_WARN_EMPTY_BODY = YES;
				CLANG_WARN_ENUM_CONVERSION = YES;
				CLANG_WARN_INFINITE_RECURSION = YES;
				CLANG_WARN_INT_CONVERSION = YES;
				CLANG_WARN_NON_LITERAL_NULL_CONVERSION = YES;
				CLANG_WARN_OBJC_LITERAL_CONVERSION = YES;
				CLANG_WARN_OBJC_ROOT_CLASS = YES_ERROR;
				CLANG_WARN_RANGE_LOOP_ANALYSIS = YES;
				CLANG_WARN_STRICT_PROTOTYPES = YES;
				CLANG_WARN_SUSPICIOUS_MOVE = YES;
				CLANG_WARN_UNGUARDED_AVAILABILITY = YES_AGGRESSIVE;
				CLANG_WARN_UNREACHABLE_CODE = YES;
				CLANG_WARN__DUPLICATE_METHOD_MATCH = YES;
				CODE_SIGN_IDENTITY = "-";
				COPY_PHASE_STRIP = NO;
				DEBUG_INFORMATION_FORMAT = "dwarf-with-dsym";
				ENABLE_NS_ASSERTIONS = NO;
				ENABLE_STRICT_OBJC_MSGSEND = YES;
				GCC_C_LANGUAGE_STANDARD = gnu11;
				GCC_NO_COMMON_BLOCKS = YES;
				GCC_WARN_64_TO_32_BIT_CONVERSION = YES;
				GCC_WARN_ABOUT_RETURN_TYPE = YES_ERROR;
				GCC_WARN_UNDECLARED_SELECTOR = YES;
				GCC_WARN_UNINITIALIZED_AUTOS = YES_AGGRESSIVE;
				GCC_WARN_UNUSED_FUNCTION = YES;
				GCC_WARN_UNUSED_VARIABLE = YES;
				MACOSX_DEPLOYMENT_TARGET = 10.12;
				MTL_ENABLE_DEBUG_INFO = NO;
				SDKROOT = macosx;
			};
			name = Release;
		};
		7A227F3F1F8EE52E00868CBC /* Debug */ = {
			isa = XCBuildConfiguration;
			buildSettings = {
				CODE_SIGN_STYLE = Automatic;
				PRODUCT_NAME = "$(TARGET_NAME)";
			};
			name = Debug;
		};
		7A227F401F8EE52E00868CBC /* Release */ = {
			isa = XCBuildConfiguration;
			buildSettings = {
				CODE_SIGN_STYLE = Automatic;
				PRODUCT_NAME = "$(TARGET_NAME)";
			};
			name = Release;
		};
/* End XCBuildConfiguration section */

/* Begin XCConfigurationList section */
		7A227F321F8EE52E00868CBC /* Build configuration list for PBXProject "ulongnum" */ = {
			isa = XCConfigurationList;
			buildConfigurations = (
				7A227F3C1F8EE52E00868CBC /* Debug */,
				7A227F3D1F8EE52E00868CBC /* Release */,
			);
			defaultConfigurationIsVisible = 0;
			defaultConfigurationName = Release;
		};
		7A227F3E1F8EE52E00868CBC /* Build configuration list for PBXNativeTarget "ulongnum" */ = {
			isa = XCConfigurationList;
			buildConfigurations = (
				7A227F3F1F8EE52E00868CBC /* Debug */,
				7A227F401F8EE52E00868CBC /* Release */,
			);
			defaultConfigurationIsVisible = 0;
			defaultConfigurationName = Release;
		};
/* End XCConfigurationList section */
	};
	rootObject = 7A227F2F1F8EE52E00868CBC /* Project object */;
}
